
Microsoft Visual Studio Solution File, Format Version 12.00
# Visual Studio 15
VisualStudioVersion = 15.0.28307.572
MinimumVisualStudioVersion = 10.0.40219.1
Project("{9A19103F-16F7-4668-BE54-9A1E7A4F7556}") = "PM", "PM\PM.csproj", "{43E852C5-590D-477A-906C-E495214AD248}"
EndProject
Project("{FAE04EC0-301F-11D3-BF4B-00C04F79EFBC}") = "PM.lib", "PM.lib\PM.lib.csproj", "{626A16C4-65DE-4F69-887B-95224B4A8982}"
EndProject
Global
	GlobalSection(SolutionConfigurationPlatforms) = preSolution
		Debug|Any CPU = Debug|Any CPU
		Release|Any CPU = Release|Any CPU
	EndGlobalSection
	GlobalSection(ProjectConfigurationPlatforms) = postSolution
		{43E852C5-590D-477A-906C-E495214AD248}.Debug|Any CPU.ActiveCfg = Debug|Any CPU
		{43E852C5-590D-477A-906C-E495214AD248}.Debug|Any CPU.Build.0 = Debug|Any CPU
		{43E852C5-590D-477A-906C-E495214AD248}.Release|Any CPU.ActiveCfg = Release|Any CPU
		{43E852C5-590D-477A-906C-E495214AD248}.Release|Any CPU.Build.0 = Release|Any CPU
		{626A16C4-65DE-4F69-887B-95224B4A8982}.Debug|Any CPU.ActiveCfg = Debug|Any CPU
		{626A16C4-65DE-4F69-887B-95224B4A8982}.Debug|Any CPU.Build.0 = Debug|Any CPU
		{626A16C4-65DE-4F69-887B-95224B4A8982}.Release|Any CPU.ActiveCfg = Release|Any CPU
		{626A16C4-65DE-4F69-887B-95224B4A8982}.Release|Any CPU.Build.0 = Release|Any CPU
	EndGlobalSection
	GlobalSection(SolutionProperties) = preSolution
		HideSolutionNode = FALSE
	EndGlobalSection
	GlobalSection(ExtensibilityGlobals) = postSolution
		SolutionGuid = {089F6E36-27BF-4E48-8EB2-E46993A91C52}
	EndGlobalSection
EndGlobal
